{
  "dependencies": {
    "page": {
      "version": "https://github.com/peerlibrary/page.js/archive/648031f0e9d9398e0e9e3c7e4a79213e2706194f.tar.gz",
      "dependencies": {
        "path-to-regexp": {
          "version": "1.2.1",
          "dependencies": {
            "isarray": {
              "version": "0.0.1"
            }
          }
        }
      }
    },
    "qs": {
      "version": "5.2.0"
    }
  }
}
